
Microsoft Visual Studio Solution File, Format Version 12.00
# Visual Studio Version 17
VisualStudioVersion = 17.6.33712.159
MinimumVisualStudioVersion = 10.0.40219.1
Project("{FAE04EC0-301F-11D3-BF4B-00C04F79EFBC}") = "udp_client", "Sockets_example\udp_client.csproj", "{8BB56130-8BB3-4F88-BA47-B544630DB7CC}"
EndProject
Project("{FAE04EC0-301F-11D3-BF4B-00C04F79EFBC}") = "udp_server", "udp_server\udp_server.csproj", "{DED515BF-13BC-4374-BFB1-DE7DECCD48E7}"
EndProject
Project("{FAE04EC0-301F-11D3-BF4B-00C04F79EFBC}") = "udp_wpf_client", "udp_wpf_client\udp_wpf_client.csproj", "{9211F252-28FE-4586-A264-8C70F26843D5}"
EndProject
Global
	GlobalSection(SolutionConfigurationPlatforms) = preSolution
		Debug|Any CPU = Debug|Any CPU
		Release|Any CPU = Release|Any CPU
	EndGlobalSection
	GlobalSection(ProjectConfigurationPlatforms) = postSolution
		{8BB56130-8BB3-4F88-BA47-B544630DB7CC}.Debug|Any CPU.ActiveCfg = Debug|Any CPU
		{8BB56130-8BB3-4F88-BA47-B544630DB7CC}.Debug|Any CPU.Build.0 = Debug|Any CPU
		{8BB56130-8BB3-4F88-BA47-B544630DB7CC}.Release|Any CPU.ActiveCfg = Release|Any CPU
		{8BB56130-8BB3-4F88-BA47-B544630DB7CC}.Release|Any CPU.Build.0 = Release|Any CPU
		{DED515BF-13BC-4374-BFB1-DE7DECCD48E7}.Debug|Any CPU.ActiveCfg = Debug|Any CPU
		{DED515BF-13BC-4374-BFB1-DE7DECCD48E7}.Debug|Any CPU.Build.0 = Debug|Any CPU
		{DED515BF-13BC-4374-BFB1-DE7DECCD48E7}.Release|Any CPU.ActiveCfg = Release|Any CPU
		{DED515BF-13BC-4374-BFB1-DE7DECCD48E7}.Release|Any CPU.Build.0 = Release|Any CPU
		{9211F252-28FE-4586-A264-8C70F26843D5}.Debug|Any CPU.ActiveCfg = Debug|Any CPU
		{9211F252-28FE-4586-A264-8C70F26843D5}.Debug|Any CPU.Build.0 = Debug|Any CPU
		{9211F252-28FE-4586-A264-8C70F26843D5}.Release|Any CPU.ActiveCfg = Release|Any CPU
		{9211F252-28FE-4586-A264-8C70F26843D5}.Release|Any CPU.Build.0 = Release|Any CPU
	EndGlobalSection
	GlobalSection(SolutionProperties) = preSolution
		HideSolutionNode = FALSE
	EndGlobalSection
	GlobalSection(ExtensibilityGlobals) = postSolution
		SolutionGuid = {7CE0A461-951A-44BA-B4B7-A0ECC3B820D9}
	EndGlobalSection
EndGlobal
